
Microsoft Visual Studio Solution File, Format Version 12.00
# Visual Studio Version 17
VisualStudioVersion = 17.8.34316.72
MinimumVisualStudioVersion = 10.0.40219.1
Project("{FAE04EC0-301F-11D3-BF4B-00C04F79EFBC}") = "Watermark", "Watermark\Watermark.csproj", "{7542EC5A-DBE2-483C-94B3-6BBD2D947910}"
EndProject
Global
	GlobalSection(SolutionConfigurationPlatforms) = preSolution
		Debug|Any CPU = Debug|Any CPU
		Release|Any CPU = Release|Any CPU
	EndGlobalSection
	GlobalSection(ProjectConfigurationPlatforms) = postSolution
		{7542EC5A-DBE2-483C-94B3-6BBD2D947910}.Debug|Any CPU.ActiveCfg = Debug|Any CPU
		{7542EC5A-DBE2-483C-94B3-6BBD2D947910}.Debug|Any CPU.Build.0 = Debug|Any CPU
		{7542EC5A-DBE2-483C-94B3-6BBD2D947910}.Release|Any CPU.ActiveCfg = Release|Any CPU
		{7542EC5A-DBE2-483C-94B3-6BBD2D947910}.Release|Any CPU.Build.0 = Release|Any CPU
	EndGlobalSection
	GlobalSection(SolutionProperties) = preSolution
		HideSolutionNode = FALSE
	EndGlobalSection
	GlobalSection(ExtensibilityGlobals) = postSolution
		SolutionGuid = {6EC619D3-15F2-4EFC-89A5-B49C3E271AF8}
	EndGlobalSection
EndGlobal
